<?xml version="1.0" encoding="UTF-8"?>
<Scheme
   LastUpgradeVersion = "1410"
   version = "1.3">
   <BuildAction
      parallelizeBuildables = "YES"
      buildImplicitDependencies = "YES">
      <BuildActionEntries>
         <BuildActionEntry
            buildForTesting = "YES"
            buildForRunning = "YES"
            buildForProfiling = "YES"
            buildForArchiving = "YES"
            buildForAnalyzing = "YES">
            <BuildableReference
               BuildableIdentifier = "primary"
               BlueprintIdentifier = "4D35490028DD889B00B1966A"
               BuildableName = "Steering Wheel iOS12.app"
               BlueprintName = "Steering Wheel iOS12"
               ReferencedContainer = "container:Steering Wheel iOS12.xcodeproj">
            </BuildableReference>
         </BuildActionEntry>
      </BuildActionEntries>
   </BuildAction>
   <TestAction
      buildConfiguration = "Debug"
      selectedDebuggerIdentifier = "Xcode.DebuggerFoundation.Debugger.LLDB"
      selectedLauncherIdentifier = "Xcode.DebuggerFoundation.Launcher.LLDB"
      shouldUseLaunchSchemeArgsEnv = "YES">
      <Testables>
         <TestableReference
            skipped = "NO"
            parallelizable = "YES">
            <BuildableReference
               BuildableIdentifier = "primary"
               BlueprintIdentifier = "4D35491628DD889D00B1966A"
               BuildableName = "Steering Wheel iOS12Tests.xctest"
               BlueprintName = "Steering Wheel iOS12Tests"
               ReferencedContainer = "container:Steering Wheel iOS12.xcodeproj">
            </BuildableReference>
         </TestableReference>
         <TestableReference
            skipped = "NO"
            parallelizable = "YES">
            <BuildableReference
               BuildableIdentifier = "primary"
               BlueprintIdentifier = "4D35492028DD889D00B1966A"
               BuildableName = "Steering Wheel iOS12UITests.xctest"
               BlueprintName = "Steering Wheel iOS12UITests"
               ReferencedContainer = "container:Steering Wheel iOS12.xcodeproj">
            </BuildableReference>
         </TestableReference>
      </Testables>
   </TestAction>
   <LaunchAction
      buildConfiguration = "Debug"
      selectedDebuggerIdentifier = "Xcode.DebuggerFoundation.Debugger.LLDB"
      selectedLauncherIdentifier = "Xcode.DebuggerFoundation.Launcher.LLDB"
      launchStyle = "0"
      useCustomWorkingDirectory = "NO"
      ignoresPersistentStateOnLaunch = "NO"
      debugDocumentVersioning = "YES"
      debugServiceExtension = "internal"
      allowLocationSimulation = "YES">
      <BuildableProductRunnable
         runnableDebuggingMode = "0">
         <BuildableReference
            BuildableIdentifier = "primary"
            BlueprintIdentifier = "4D35490028DD889B00B1966A"
            BuildableName = "Steering Wheel iOS12.app"
            BlueprintName = "Steering Wheel iOS12"
            ReferencedContainer = "container:Steering Wheel iOS12.xcodeproj">
         </BuildableReference>
      </BuildableProductRunnable>
      <EnvironmentVariables>
         <EnvironmentVariable
            key = "SERVICE_UUID"
            value = "0000fff0-0000-1000-8000-00805f9b34fb"
            isEnabled = "YES">
         </EnvironmentVariable>
         <EnvironmentVariable
            key = "CONTROL_CHAR_UUID"
            value = "0000fff0-0000-1000-8000-00805f9b34fb"
            isEnabled = "YES">
         </EnvironmentVariable>
         <EnvironmentVariable
            key = "DRIVE_CHAR_UUID"
            value = "0000fff5-0000-1000-8000-00805f9b34fb"
            isEnabled = "YES">
         </EnvironmentVariable>
      </EnvironmentVariables>
   </LaunchAction>
   <ProfileAction
      buildConfiguration = "Release"
      shouldUseLaunchSchemeArgsEnv = "YES"
      savedToolIdentifier = ""
      useCustomWorkingDirectory = "NO"
      debugDocumentVersioning = "YES">
      <BuildableProductRunnable
         runnableDebuggingMode = "0">
         <BuildableReference
            BuildableIdentifier = "primary"
            BlueprintIdentifier = "4D35490028DD889B00B1966A"
            BuildableName = "Steering Wheel iOS12.app"
            BlueprintName = "Steering Wheel iOS12"
            ReferencedContainer = "container:Steering Wheel iOS12.xcodeproj">
         </BuildableReference>
      </BuildableProductRunnable>
   </ProfileAction>
   <AnalyzeAction
      buildConfiguration = "Debug">
   </AnalyzeAction>
   <ArchiveAction
      buildConfiguration = "Release"
      revealArchiveInOrganizer = "YES">
   </ArchiveAction>
</Scheme>
